
Microsoft Visual Studio Solution File, Format Version 12.00
# Visual Studio Version 17
VisualStudioVersion = 17.3.32825.248
MinimumVisualStudioVersion = 10.0.40219.1
Project("{FAE04EC0-301F-11D3-BF4B-00C04F79EFBC}") = "Bol2ServEjer3", "Bol2ServEjer3\Bol2ServEjer3.csproj", "{73DF78DC-85E2-4467-985A-BF0FCA64DB93}"
EndProject
Global
	GlobalSection(SolutionConfigurationPlatforms) = preSolution
		Debug|Any CPU = Debug|Any CPU
		Release|Any CPU = Release|Any CPU
	EndGlobalSection
	GlobalSection(ProjectConfigurationPlatforms) = postSolution
		{73DF78DC-85E2-4467-985A-BF0FCA64DB93}.Debug|Any CPU.ActiveCfg = Debug|Any CPU
		{73DF78DC-85E2-4467-985A-BF0FCA64DB93}.Debug|Any CPU.Build.0 = Debug|Any CPU
		{73DF78DC-85E2-4467-985A-BF0FCA64DB93}.Release|Any CPU.ActiveCfg = Release|Any CPU
		{73DF78DC-85E2-4467-985A-BF0FCA64DB93}.Release|Any CPU.Build.0 = Release|Any CPU
	EndGlobalSection
	GlobalSection(SolutionProperties) = preSolution
		HideSolutionNode = FALSE
	EndGlobalSection
	GlobalSection(ExtensibilityGlobals) = postSolution
		SolutionGuid = {310C8DDF-D299-47D6-B140-89F631206655}
	EndGlobalSection
EndGlobal
